github.com/Hari-Kiri/goalApplicationSettingsLoader v0.1.0 h1:BvJIwxjVFr79QVxhk4EI9Z+2IdlVtrfg6D9QpMrDwWQ=
github.com/Hari-Kiri/goalApplicationSettingsLoader v0.1.0/go.mod h1:Sc7yrkmrv3hVE3D95IG5Ejo0ksJPXs+dHK9hwB4DeCs=
github.com/Hari-Kiri/goalJson v0.1.2 h1:v8kqWV4CD4hxGsYKmagPLj2Ph+0MT5/NA3tv3kNaJKI=
github.com/Hari-Kiri/goalJson v0.1.2/go.mod h1:KjIxD80e0+cDNEoitZbjBR3zBBcmiLHhGYaz5luZR1U=
github.com/Hari-Kiri/goalMakeHandler v0.1.3 h1:Wt3KxGTjqJcSNce9xu/nhizjg5TDJJzOJLU6oX9TihQ=
github.com/Hari-Kiri/goalMakeHandler v0.1.3/go.mod h1:3b93Wce6WBshvJh+9IrVVPOm7ZcjsrTWHNH++cvYtZA=
github.com/Hari-Kiri/goalRenderTemplate v0.1.1 h1:KjUboaC+22T08pKiA0dgh/YSRkhv/PkjOBwL7JXrAmQ=
github.com/Hari-Kiri/goalRenderTemplate v0.1.1/go.mod h1:+LYWkK2OeQ0hTxeT3whmIHvH35Ady5Qy9c+ctsG+lLI=
github.com/Hari-Kiri/temboLog v0.1.3 h1:B38Sfv5IbClT96r+gZg8vay2WTzVWsFwoodkbDa3b+A=
github.com/Hari-Kiri/temboLog v0.1.3/go.mod h1:UtbAKK/Aw/eNQLA8Gp2S+K9JH0u9bD3JaAmNNgzs6Fs=
